{
  "name": "@motobep/butter",
  "version": "0.1.0",
  "lockfileVersion": 3,
  "requires": true,
  "packages": {
    "": {
      "name": "butter",
      "version": "1.0.0",
      "license": "ISC",
      "dependencies": {
        "hls-ts": "^0.4.4",
        "mp4box": "^2.3.0"
      }
    },
    "node_modules/hexy": {
      "version": "0.2.11",
      "resolved": "https://registry.npmjs.org/hexy/-/hexy-0.2.11.tgz",
      "integrity": "sha512-ciq6hFsSG/Bpt2DmrZJtv+56zpPdnq+NQ4ijEFrveKN0ZG1mhl/LdT1NQZ9se6ty1fACcI4d4vYqC9v8EYpH2A==",
      "license": "MIT",
      "bin": {
        "hexy": "bin/hexy_cmd.js"
      }
    },
    "node_modules/hls-ts": {
      "version": "0.4.4",
      "resolved": "https://registry.npmjs.org/hls-ts/-/hls-ts-0.4.4.tgz",
      "integrity": "sha512-ZV//l94zmoewZwL0AKt37Uafb9M4a4bpPRJRzHILrTJ/Rh3pBW7XfNTyoVTosUDTlWKMyrYoECB0tg2VgA8SFw==",
      "license": "MIT",
      "dependencies": {
        "hexy": "^0.2.8",
        "logplease": "^1.2.12"
      }
    },
    "node_modules/logplease": {
      "version": "1.2.15",
      "resolved": "https://registry.npmjs.org/logplease/-/logplease-1.2.15.tgz",
      "integrity": "sha512-jLlHnlsPSJjpwUfcNyUxXCl33AYg2cHhIf9QhGL2T4iPT0XPB+xP1LRKFPgIg1M/sg9kAJvy94w9CzBNrfnstA==",
      "license": "MIT"
    },
    "node_modules/mp4box": {
      "version": "2.3.0",
      "resolved": "https://registry.npmjs.org/mp4box/-/mp4box-2.3.0.tgz",
      "integrity": "sha512-nnABYbdh4UguEYyV+uRwQBi1tbb8kXka2Fx9yKzmDKAeh8gkvRKYxoK1XDd8GQIjSfN4rvsXrW1CBo4yRQJZDA==",
      "license": "BSD-3-Clause",
      "engines": {
        "node": ">=20.8.1"
      }
    }
  }
}
